
Microsoft Visual Studio Solution File, Format Version 12.00
# Visual Studio Version 17
VisualStudioVersion = 17.8.34525.116
MinimumVisualStudioVersion = 10.0.40219.1
Project("{FAE04EC0-301F-11D3-BF4B-00C04F79EFBC}") = "chip_emulator", "chip_emulator\chip_emulator.csproj", "{F7D9134F-C164-4C6C-8771-DF0AA8C7BE81}"
EndProject
Global
	GlobalSection(SolutionConfigurationPlatforms) = preSolution
		Debug|Any CPU = Debug|Any CPU
		Release|Any CPU = Release|Any CPU
	EndGlobalSection
	GlobalSection(ProjectConfigurationPlatforms) = postSolution
		{F7D9134F-C164-4C6C-8771-DF0AA8C7BE81}.Debug|Any CPU.ActiveCfg = Debug|Any CPU
		{F7D9134F-C164-4C6C-8771-DF0AA8C7BE81}.Debug|Any CPU.Build.0 = Debug|Any CPU
		{F7D9134F-C164-4C6C-8771-DF0AA8C7BE81}.Release|Any CPU.ActiveCfg = Release|Any CPU
		{F7D9134F-C164-4C6C-8771-DF0AA8C7BE81}.Release|Any CPU.Build.0 = Release|Any CPU
	EndGlobalSection
	GlobalSection(SolutionProperties) = preSolution
		HideSolutionNode = FALSE
	EndGlobalSection
	GlobalSection(ExtensibilityGlobals) = postSolution
		SolutionGuid = {6FAB03DD-B120-42D4-9A1B-77FD87E04F7D}
	EndGlobalSection
EndGlobal
